
Microsoft Visual Studio Solution File, Format Version 12.00
# Visual Studio Version 17
VisualStudioVersion = 17.13.35919.96
MinimumVisualStudioVersion = 10.0.40219.1
Project("{FAE04EC0-301F-11D3-BF4B-00C04F79EFBC}") = "Cafeteria.Tests", "..\Cafeteria.Tests\Cafeteria.Tests.csproj", "{078E8FDD-FBE8-4DDF-A22E-D8D650DE8C84}"
EndProject
Project("{FAE04EC0-301F-11D3-BF4B-00C04F79EFBC}") = "Cafeteria_back", "Cafeteria_back.csproj", "{52DD13CC-4619-95A6-AFAF-131B5E28521E}"
EndProject
Global
	GlobalSection(SolutionConfigurationPlatforms) = preSolution
		Debug|Any CPU = Debug|Any CPU
		Release|Any CPU = Release|Any CPU
	EndGlobalSection
	GlobalSection(ProjectConfigurationPlatforms) = postSolution
		{078E8FDD-FBE8-4DDF-A22E-D8D650DE8C84}.Debug|Any CPU.ActiveCfg = Debug|Any CPU
		{078E8FDD-FBE8-4DDF-A22E-D8D650DE8C84}.Debug|Any CPU.Build.0 = Debug|Any CPU
		{078E8FDD-FBE8-4DDF-A22E-D8D650DE8C84}.Release|Any CPU.ActiveCfg = Release|Any CPU
		{078E8FDD-FBE8-4DDF-A22E-D8D650DE8C84}.Release|Any CPU.Build.0 = Release|Any CPU
		{52DD13CC-4619-95A6-AFAF-131B5E28521E}.Debug|Any CPU.ActiveCfg = Debug|Any CPU
		{52DD13CC-4619-95A6-AFAF-131B5E28521E}.Debug|Any CPU.Build.0 = Debug|Any CPU
		{52DD13CC-4619-95A6-AFAF-131B5E28521E}.Release|Any CPU.ActiveCfg = Release|Any CPU
		{52DD13CC-4619-95A6-AFAF-131B5E28521E}.Release|Any CPU.Build.0 = Release|Any CPU
	EndGlobalSection
	GlobalSection(SolutionProperties) = preSolution
		HideSolutionNode = FALSE
	EndGlobalSection
	GlobalSection(ExtensibilityGlobals) = postSolution
		SolutionGuid = {752A9402-A793-4360-ADDA-7B5F32C089A1}
	EndGlobalSection
EndGlobal
